
Microsoft Visual Studio Solution File, Format Version 12.00
# Visual Studio Version 16
VisualStudioVersion = 16.0.31624.102
MinimumVisualStudioVersion = 10.0.40219.1
Project("{8BC9CEB8-8B4A-11D0-8D11-00A0C91BC942}") = "Labaaa___3.3", "Labaaa___3.3\Labaaa___3.3.vcxproj", "{9D281FB0-8A51-402A-B116-F7D637B3FBEE}"
EndProject
Global
	GlobalSection(SolutionConfigurationPlatforms) = preSolution
		Debug|x64 = Debug|x64
		Debug|x86 = Debug|x86
		Release|x64 = Release|x64
		Release|x86 = Release|x86
	EndGlobalSection
	GlobalSection(ProjectConfigurationPlatforms) = postSolution
		{9D281FB0-8A51-402A-B116-F7D637B3FBEE}.Debug|x64.ActiveCfg = Debug|x64
		{9D281FB0-8A51-402A-B116-F7D637B3FBEE}.Debug|x64.Build.0 = Debug|x64
		{9D281FB0-8A51-402A-B116-F7D637B3FBEE}.Debug|x86.ActiveCfg = Debug|Win32
		{9D281FB0-8A51-402A-B116-F7D637B3FBEE}.Debug|x86.Build.0 = Debug|Win32
		{9D281FB0-8A51-402A-B116-F7D637B3FBEE}.Release|x64.ActiveCfg = Release|x64
		{9D281FB0-8A51-402A-B116-F7D637B3FBEE}.Release|x64.Build.0 = Release|x64
		{9D281FB0-8A51-402A-B116-F7D637B3FBEE}.Release|x86.ActiveCfg = Release|Win32
		{9D281FB0-8A51-402A-B116-F7D637B3FBEE}.Release|x86.Build.0 = Release|Win32
	EndGlobalSection
	GlobalSection(SolutionProperties) = preSolution
		HideSolutionNode = FALSE
	EndGlobalSection
	GlobalSection(ExtensibilityGlobals) = postSolution
		SolutionGuid = {386E5976-9DAD-4717-941C-39320D8AB66F}
	EndGlobalSection
EndGlobal
